lockfileVersion: '9.0'

settings:
  autoInstallPeers: true
  excludeLinksFromLockfile: false

importers:

  .:
    dependencies:
      conf:
        specifier: ^15.1.0
        version: 15.1.0
      openid-client:
        specifier: ^6.8.4
        version: 6.8.4
      typescript:
        specifier: ^5
        version: 5.9.3

packages:

  ajv-formats@3.0.1:
    resolution: {integrity: sha512-8iUql50EUR+uUcdRQ3HDqa6EVyo3docL8g5WJ3FNcWmu62IbkGUue/pEyLBW8VGKKucTPgqeks4fIU1DA4yowQ==}
    peerDependencies:
      ajv: ^8.0.0
    peerDependenciesMeta:
      ajv:
        optional: true

  ajv@8.20.0:
    resolution: {integrity: sha512-Thbli+OlOj+iMPYFBVBfJ3OmCAnaSyNn4M1vz9T6Gka5Jt9ba/HIR56joy65tY6kx/FCF5VXNB819Y7/GUrBGA==}

  atomically@2.1.1:
    resolution: {integrity: sha512-P4w9o2dqARji6P7MHprklbfiArZAWvo07yW7qs3pdljb3BWr12FIB7W+p0zJiuiVsUpRO0iZn1kFFcpPegg0tQ==}

  conf@15.1.0:
    resolution: {integrity: sha512-Uy5YN9KEu0WWDaZAVJ5FAmZoaJt9rdK6kH+utItPyGsCqCgaTKkrmZx3zoE0/3q6S3bcp3Ihkk+ZqPxWxFK5og==}
    engines: {node: '>=20'}

  debounce-fn@6.0.0:
    resolution: {integrity: sha512-rBMW+F2TXryBwB54Q0d8drNEI+TfoS9JpNTAoVpukbWEhjXQq4rySFYLaqXMFXwdv61Zb2OHtj5bviSoimqxRQ==}
    engines: {node: '>=18'}

  dot-prop@10.1.0:
    resolution: {integrity: sha512-MVUtAugQMOff5RnBy2d9N31iG0lNwg1qAoAOn7pOK5wf94WIaE3My2p3uwTQuvS2AcqchkcR3bHByjaM0mmi7Q==}
    engines: {node: '>=20'}

  env-paths@3.0.0:
    resolution: {integrity: sha512-dtJUTepzMW3Lm/NPxRf3wP4642UWhjL2sQxc+ym2YMj1m/H2zDNQOlezafzkHwn6sMstjHTwG6iQQsctDW/b1A==}
    engines: {node: ^12.20.0 || ^14.13.1 || >=16.0.0}

  fast-deep-equal@3.1.3:
    resolution: {integrity: sha512-f3qQ9oQy9j2AhBe/H9VC91wLmKBCCU/gDOnKNAYG5hswO7BLKj09Hc5HYNz9cGI++xlpDCIgDaitVs03ATR84Q==}

  fast-uri@3.1.2:
    resolution: {integrity: sha512-rVjf7ArG3LTk+FS6Yw81V1DLuZl1bRbNrev6Tmd/9RaroeeRRJhAt7jg/6YFxbvAQXUCavSoZhPPj6oOx+5KjQ==}

  jose@6.2.3:
    resolution: {integrity: sha512-YYVDInQKFJfR/xa3ojUTl8c2KoTwiL1R5Wg9YCydwH0x0B9grbzlg5HC7mMjCtUJjbQ/YnGEZIhI5tCgfTb4Hw==}

  json-schema-traverse@1.0.0:
    resolution: {integrity: sha512-NM8/P9n3XjXhIZn1lLhkFaACTOURQXjWhV4BA/RnOv8xvgqtqpAX9IO4mRQxSx1Rlo4tqzeqb0sOlruaOy3dug==}

  json-schema-typed@8.0.2:
    resolution: {integrity: sha512-fQhoXdcvc3V28x7C7BMs4P5+kNlgUURe2jmUT1T//oBRMDrqy1QPelJimwZGo7Hg9VPV3EQV5Bnq4hbFy2vetA==}

  mimic-function@5.0.1:
    resolution: {integrity: sha512-VP79XUPxV2CigYP3jWwAUFSku2aKqBH7uTAapFWCBqutsbmDo96KY5o8uh6U+/YSIn5OxJnXp73beVkpqMIGhA==}
    engines: {node: '>=18'}

  oauth4webapi@3.8.6:
    resolution: {integrity: sha512-iwemM91xz8nryHti2yTmg5fhyEMVOkOXwHNqbvcATjyajb5oQxCQzrNOA6uElRHuMhQQTKUyFKV9y/CNyg25BQ==}

  openid-client@6.8.4:
    resolution: {integrity: sha512-QSw0BA08piujetEwfZsHoTrDpMEha7GDZDicQqVwX4u0ChCjefvjDB++TZ8BTg76UpwhzIQgdvvfgfl3HpCSAw==}

  require-from-string@2.0.2:
    resolution: {integrity: sha512-Xf0nWe6RseziFMu+Ap9biiUbmplq6S9/p+7w7YXP/JBHhrUDDUhwa+vANyubuqfZWTveU//DYVGsDG7RKL/vEw==}
    engines: {node: '>=0.10.0'}

  semver@7.8.1:
    resolution: {integrity: sha512-rkVq3IXh+4FDGch+KwzX3aV9W3kO54GyEgpvBzSyctDA6Xtd7RJQV1xmXbeQp5v7+VzLOfVqiutSE6GICgPFvg==}
    engines: {node: '>=10'}
    hasBin: true

  stubborn-fs@2.0.0:
    resolution: {integrity: sha512-Y0AvSwDw8y+nlSNFXMm2g6L51rBGdAQT20J3YSOqxC53Lo3bjWRtr2BKcfYoAf352WYpsZSTURrA0tqhfgudPA==}

  stubborn-utils@1.0.2:
    resolution: {integrity: sha512-zOh9jPYI+xrNOyisSelgym4tolKTJCQd5GBhK0+0xJvcYDcwlOoxF/rnFKQ2KRZknXSG9jWAp66fwP6AxN9STg==}

  tagged-tag@1.0.0:
    resolution: {integrity: sha512-yEFYrVhod+hdNyx7g5Bnkkb0G6si8HJurOoOEgC8B/O0uXLHlaey/65KRv6cuWBNhBgHKAROVpc7QyYqE5gFng==}
    engines: {node: '>=20'}

  type-fest@5.7.0:
    resolution: {integrity: sha512-1URUxUqfHFM1c+zfSPsa3gnkO7Aq21qyH75SIduNYz4SzY964rn1X2vCMQaHSHhktiw+0kPa2iyb6PUpXqB6Vg==}
    engines: {node: '>=20'}

  typescript@5.9.3:
    resolution: {integrity: sha512-jl1vZzPDinLr9eUt3J/t7V6FgNEw9QjvBPdysz9KfQDD41fQrC2Y4vKQdiaUpFT4bXlb1RHhLpp8wtm6M5TgSw==}
    engines: {node: '>=14.17'}
    hasBin: true

  uint8array-extras@1.5.0:
    resolution: {integrity: sha512-rvKSBiC5zqCCiDZ9kAOszZcDvdAHwwIKJG33Ykj43OKcWsnmcBRL09YTU4nOeHZ8Y2a7l1MgTd08SBe9A8Qj6A==}
    engines: {node: '>=18'}

  when-exit@2.1.5:
    resolution: {integrity: sha512-VGkKJ564kzt6Ms1dbgPP/yuIoQCrsFAnRbptpC5wOEsDaNsbCB2bnfnaA8i/vRs5tjUSEOtIuvl9/MyVsvQZCg==}

snapshots:

  ajv-formats@3.0.1(ajv@8.20.0):
    optionalDependencies:
      ajv: 8.20.0

  ajv@8.20.0:
    dependencies:
      fast-deep-equal: 3.1.3
      fast-uri: 3.1.2
      json-schema-traverse: 1.0.0
      require-from-string: 2.0.2

  atomically@2.1.1:
    dependencies:
      stubborn-fs: 2.0.0
      when-exit: 2.1.5

  conf@15.1.0:
    dependencies:
      ajv: 8.20.0
      ajv-formats: 3.0.1(ajv@8.20.0)
      atomically: 2.1.1
      debounce-fn: 6.0.0
      dot-prop: 10.1.0
      env-paths: 3.0.0
      json-schema-typed: 8.0.2
      semver: 7.8.1
      uint8array-extras: 1.5.0

  debounce-fn@6.0.0:
    dependencies:
      mimic-function: 5.0.1

  dot-prop@10.1.0:
    dependencies:
      type-fest: 5.7.0

  env-paths@3.0.0: {}

  fast-deep-equal@3.1.3: {}

  fast-uri@3.1.2: {}

  jose@6.2.3: {}

  json-schema-traverse@1.0.0: {}

  json-schema-typed@8.0.2: {}

  mimic-function@5.0.1: {}

  oauth4webapi@3.8.6: {}

  openid-client@6.8.4:
    dependencies:
      jose: 6.2.3
      oauth4webapi: 3.8.6

  require-from-string@2.0.2: {}

  semver@7.8.1: {}

  stubborn-fs@2.0.0:
    dependencies:
      stubborn-utils: 1.0.2

  stubborn-utils@1.0.2: {}

  tagged-tag@1.0.0: {}

  type-fest@5.7.0:
    dependencies:
      tagged-tag: 1.0.0

  typescript@5.9.3: {}

  uint8array-extras@1.5.0: {}

  when-exit@2.1.5: {}
